
Microsoft Visual Studio Solution File, Format Version 12.00
# Visual Studio 14
VisualStudioVersion = 14.0.25420.1
MinimumVisualStudioVersion = 10.0.40219.1
Project("{FAE04EC0-301F-11D3-BF4B-00C04F79EFBC}") = "Z1", "ConsoleApplication1\Z1.csproj", "{9EC23D5F-D7A4-46EC-9340-77AA018298F4}"
EndProject
Project("{FAE04EC0-301F-11D3-BF4B-00C04F79EFBC}") = "Z2", "Z2\Z2.csproj", "{1893BAC7-F462-4413-ABFA-4D22D4684FE9}"
EndProject
Project("{FAE04EC0-301F-11D3-BF4B-00C04F79EFBC}") = "Z3", "Z3\Z3.csproj", "{B4454BDF-D6BC-4A3B-B163-8C03C8AE3582}"
EndProject
Global
	GlobalSection(SolutionConfigurationPlatforms) = preSolution
		Debug|Any CPU = Debug|Any CPU
		Release|Any CPU = Release|Any CPU
	EndGlobalSection
	GlobalSection(ProjectConfigurationPlatforms) = postSolution
		{9EC23D5F-D7A4-46EC-9340-77AA018298F4}.Debug|Any CPU.ActiveCfg = Debug|Any CPU
		{9EC23D5F-D7A4-46EC-9340-77AA018298F4}.Debug|Any CPU.Build.0 = Debug|Any CPU
		{9EC23D5F-D7A4-46EC-9340-77AA018298F4}.Release|Any CPU.ActiveCfg = Release|Any CPU
		{9EC23D5F-D7A4-46EC-9340-77AA018298F4}.Release|Any CPU.Build.0 = Release|Any CPU
		{1893BAC7-F462-4413-ABFA-4D22D4684FE9}.Debug|Any CPU.ActiveCfg = Debug|Any CPU
		{1893BAC7-F462-4413-ABFA-4D22D4684FE9}.Debug|Any CPU.Build.0 = Debug|Any CPU
		{1893BAC7-F462-4413-ABFA-4D22D4684FE9}.Release|Any CPU.ActiveCfg = Release|Any CPU
		{1893BAC7-F462-4413-ABFA-4D22D4684FE9}.Release|Any CPU.Build.0 = Release|Any CPU
		{B4454BDF-D6BC-4A3B-B163-8C03C8AE3582}.Debug|Any CPU.ActiveCfg = Debug|Any CPU
		{B4454BDF-D6BC-4A3B-B163-8C03C8AE3582}.Debug|Any CPU.Build.0 = Debug|Any CPU
		{B4454BDF-D6BC-4A3B-B163-8C03C8AE3582}.Release|Any CPU.ActiveCfg = Release|Any CPU
		{B4454BDF-D6BC-4A3B-B163-8C03C8AE3582}.Release|Any CPU.Build.0 = Release|Any CPU
	EndGlobalSection
	GlobalSection(SolutionProperties) = preSolution
		HideSolutionNode = FALSE
	EndGlobalSection
EndGlobal
